
Microsoft Visual Studio Solution File, Format Version 12.00
# Visual Studio Version 16
VisualStudioVersion = 16.0.31112.23
MinimumVisualStudioVersion = 10.0.40219.1
Project("{FAE04EC0-301F-11D3-BF4B-00C04F79EFBC}") = "WindowsFormsApp1", "WindowsFormsApp1\WindowsFormsApp1.csproj", "{BA0309AF-B646-4889-BE73-240EBB540BA8}"
EndProject
Global
	GlobalSection(SolutionConfigurationPlatforms) = preSolution
		Debug|Any CPU = Debug|Any CPU
		Release|Any CPU = Release|Any CPU
	EndGlobalSection
	GlobalSection(ProjectConfigurationPlatforms) = postSolution
		{BA0309AF-B646-4889-BE73-240EBB540BA8}.Debug|Any CPU.ActiveCfg = Debug|Any CPU
		{BA0309AF-B646-4889-BE73-240EBB540BA8}.Debug|Any CPU.Build.0 = Debug|Any CPU
		{BA0309AF-B646-4889-BE73-240EBB540BA8}.Release|Any CPU.ActiveCfg = Release|Any CPU
		{BA0309AF-B646-4889-BE73-240EBB540BA8}.Release|Any CPU.Build.0 = Release|Any CPU
	EndGlobalSection
	GlobalSection(SolutionProperties) = preSolution
		HideSolutionNode = FALSE
	EndGlobalSection
	GlobalSection(ExtensibilityGlobals) = postSolution
		SolutionGuid = {B4F7E579-969E-4C50-BE5B-E16C683474B8}
	EndGlobalSection
EndGlobal
